// !$*UTF8*$!
{
	archiveVersion = 1;
	classes = {
	};
	objectVersion = 46;
	objects = {

/* Begin PBXBuildFile section */
		4311BC011D091AB100CC21C2 /* AppDelegate.swift in Sources */ = {isa = PBXBuildFile; fileRef = 4311BC001D091AB100CC21C2 /* AppDelegate.swift */; };
		4311BC031D091AB100CC21C2 /* ViewController.swift in Sources */ = {isa = PBXBuildFile; fileRef = 4311BC021D091AB100CC21C2 /* ViewController.swift */; };
		4311BC061D091AB100CC21C2 /* Main.storyboard in Resources */ = {isa = PBXBuildFile; fileRef = 4311BC041D091AB100CC21C2 /* Main.storyboard */; };
		4311BC081D091AB100CC21C2 /* Assets.xcassets in Resources */ = {isa = PBXBuildFile; fileRef = 4311BC071D091AB100CC21C2 /* Assets.xcassets */; };
		4311BC0B1D091AB100CC21C2 /* LaunchScreen.storyboard in Resources */ = {isa = PBXBuildFile; fileRef = 4311BC091D091AB100CC21C2 /* LaunchScreen.storyboard */; };
		4311BC161D091AB100CC21C2 /* solvingStack1Tests.swift in Sources */ = {isa = PBXBuildFile; fileRef = 4311BC151D091AB100CC21C2 /* solvingStack1Tests.swift */; };
		4311BC211D091AB100CC21C2 /* solvingStack1UITests.swift in Sources */ = {isa = PBXBuildFile; fileRef = 4311BC201D091AB100CC21C2 /* solvingStack1UITests.swift */; };
/* End PBXBuildFile section */

/* Begin PBXContainerItemProxy section */
		4311BC121D091AB100CC21C2 /* PBXContainerItemProxy */ = {
			isa = PBXContainerItemProxy;
			containerPortal = 4311BBF51D091AB000CC21C2 /* Project object */;
			proxyType = 1;
			remoteGlobalIDString = 4311BBFC1D091AB000CC21C2;
			remoteInfo = solvingStack1;
		};
		4311BC1D1D091AB100CC21C2 /* PBXContainerItemProxy */ = {
			isa = PBXContainerItemProxy;
			containerPortal = 4311BBF51D091AB000CC21C2 /* Project object */;
			proxyType = 1;
			remoteGlobalIDString = 4311BBFC1D091AB000CC21C2;
			remoteInfo = solvingStack1;
		};
/* End PBXContainerItemProxy section */

/* Begin PBXFileReference section */
		4311BBFD1D091AB100CC21C2 /* solvingStack1.app */ = {isa = PBXFileReference; explicitFileType = wrapper.application; includeInIndex = 0; path = solvingStack1.app; sourceTree = BUILT_PRODUCTS_DIR; };
		4311BC001D091AB100CC21C2 /* AppDelegate.swift */ = {isa = PBXFileReference; lastKnownFileType = sourcecode.swift; path = AppDelegate.swift; sourceTree = "<group>"; };
		4311BC021D091AB100CC21C2 /* ViewController.swift */ = {isa = PBXFileReference; lastKnownFileType = sourcecode.swift; path = ViewController.swift; sourceTree = "<group>"; };
		4311BC051D091AB100CC21C2 /* Base */ = {isa = PBXFileReference; lastKnownFileType = file.storyboard; name = Base; path = Base.lproj/Main.storyboard; sourceTree = "<group>"; };
		4311BC071D091AB100CC21C2 /* Assets.xcassets */ = {isa = PBXFileReference; lastKnownFileType = folder.assetcatalog; path = Assets.xcassets; sourceTree = "<group>"; };
		4311BC0A1D091AB100CC21C2 /* Base */ = {isa = PBXFileReference; lastKnownFileType = file.storyboard; name = Base; path = Base.lproj/LaunchScreen.storyboard; sourceTree = "<group>"; };
		4311BC0C1D091AB100CC21C2 /* Info.plist */ = {isa = PBXFileReference; lastKnownFileType = text.plist.xml; path = Info.plist; sourceTree = "<group>"; };
		4311BC111D091AB100CC21C2 /* solvingStack1Tests.xctest */ = {isa = PBXFileReference; explicitFileType = wrapper.cfbundle; includeInIndex = 0; path = solvingStack1Tests.xctest; sourceTree = BUILT_PRODUCTS_DIR; };
		4311BC151D091AB100CC21C2 /* solvingStack1Tests.swift */ = {isa = PBXFileReference; lastKnownFileType = sourcecode.swift; path = solvingStack1Tests.swift; sourceTree = "<group>"; };
		4311BC171D091AB100CC21C2 /* Info.plist */ = {isa = PBXFileReference; lastKnownFileType = text.plist.xml; path = Info.plist; sourceTree = "<group>"; };
		4311BC1C1D091AB100CC21C2 /* solvingStack1UITests.xctest */ = {isa = PBXFileReference; explicitFileType = wrapper.cfbundle; includeInIndex = 0; path = solvingStack1UITests.xctest; sourceTree = BUILT_PRODUCTS_DIR; };
		4311BC201D091AB100CC21C2 /* solvingStack1UITests.swift */ = {isa = PBXFileReference; lastKnownFileType = sourcecode.swift; path = solvingStack1UITests.swift; sourceTree = "<group>"; };
		4311BC221D091AB100CC21C2 /* Info.plist */ = {isa = PBXFileReference; lastKnownFileType = text.plist.xml; path = Info.plist; sourceTree = "<group>"; };
/* End PBXFileReference section */

/* Begin PBXFrameworksBuildPhase section */
		4311BBFA1D091AB000CC21C2 /* Frameworks */ = {
			isa = PBXFrameworksBuildPhase;
			buildActionMask = 2147483647;
			files = (
			);
			runOnlyForDeploymentPostprocessing = 0;
		};
		4311BC0E1D091AB100CC21C2 /* Frameworks */ = {
			isa = PBXFrameworksBuildPhase;
			buildActionMask = 2147483647;
			files = (
			);
			runOnlyForDeploymentPostprocessing = 0;
		};
		4311BC191D091AB100CC21C2 /* Frameworks */ = {
			isa = PBXFrameworksBuildPhase;
			buildActionMask = 2147483647;
			files = (
			);
			runOnlyForDeploymentPostprocessing = 0;
		};
/* End PBXFrameworksBuildPhase section */

/* Begin PBXGroup section */
		4311BBF41D091AB000CC21C2 = {
			isa = PBXGroup;
			children = (
				4311BBFF1D091AB100CC21C2 /* solvingStack1 */,
				4311BC141D091AB100CC21C2 /* solvingStack1Tests */,
				4311BC1F1D091AB100CC21C2 /* solvingStack1UITests */,
				4311BBFE1D091AB100CC21C2 /* Products */,
			);
			sourceTree = "<group>";
		};
		4311BBFE1D091AB100CC21C2 /* Products */ = {
			isa = PBXGroup;
			children = (
				4311BBFD1D091AB100CC21C2 /* solvingStack1.app */,
				4311BC111D091AB100CC21C2 /* solvingStack1Tests.xctest */,
				4311BC1C1D091AB100CC21C2 /* solvingStack1UITests.xctest */,
			);
			name = Products;
			sourceTree = "<group>";
		};
		4311BBFF1D091AB100CC21C2 /* solvingStack1 */ = {
			isa = PBXGroup;
			children = (
				4311BC001D091AB100CC21C2 /* AppDelegate.swift */,
				4311BC021D091AB100CC21C2 /* ViewController.swift */,
				4311BC041D091AB100CC21C2 /* Main.storyboard */,
				4311BC071D091AB100CC21C2 /* Assets.xcassets */,
				4311BC091D091AB100CC21C2 /* LaunchScreen.storyboard */,
				4311BC0C1D091AB100CC21C2 /* Info.plist */,
			);
			path = solvingStack1;
			sourceTree = "<group>";
		};
		4311BC141D091AB100CC21C2 /* solvingStack1Tests */ = {
			isa = PBXGroup;
			children = (
				4311BC151D091AB100CC21C2 /* solvingStack1Tests.swift */,
				4311BC171D091AB100CC21C2 /* Info.plist */,
			);
			path = solvingStack1Tests;
			sourceTree = "<group>";
		};
		4311BC1F1D091AB100CC21C2 /* solvingStack1UITests */ = {
			isa = PBXGroup;
			children = (
				4311BC201D091AB100CC21C2 /* solvingStack1UITests.swift */,
				4311BC221D091AB100CC21C2 /* Info.plist */,
			);
			path = solvingStack1UITests;
			sourceTree = "<group>";
		};
/* End PBXGroup section */

/* Begin PBXNativeTarget section */
		4311BBFC1D091AB000CC21C2 /* solvingStack1 */ = {
			isa = PBXNativeTarget;
			buildConfigurationList = 4311BC251D091AB100CC21C2 /* Build configuration list for PBXNativeTarget "solvingStack1" */;
			buildPhases = (
				4311BBF91D091AB000CC21C2 /* Sources */,
				4311BBFA1D091AB000CC21C2 /* Frameworks */,
				4311BBFB1D091AB000CC21C2 /* Resources */,
			);
			buildRules = (
			);
			dependencies = (
			);
			name = solvingStack1;
			productName = solvingStack1;
			productReference = 4311BBFD1D091AB100CC21C2 /* solvingStack1.app */;
			productType = "com.apple.product-type.application";
		};
		4311BC101D091AB100CC21C2 /* solvingStack1Tests */ = {
			isa = PBXNativeTarget;
			buildConfigurationList = 4311BC281D091AB100CC21C2 /* Build configuration list for PBXNativeTarget "solvingStack1Tests" */;
			buildPhases = (
				4311BC0D1D091AB100CC21C2 /* Sources */,
				4311BC0E1D091AB100CC21C2 /* Frameworks */,
				4311BC0F1D091AB100CC21C2 /* Resources */,
			);
			buildRules = (
			);
			dependencies = (
				4311BC131D091AB100CC21C2 /* PBXTargetDependency */,
			);
			name = solvingStack1Tests;
			productName = solvingStack1Tests;
			productReference = 4311BC111D091AB100CC21C2 /* solvingStack1Tests.xctest */;
			productType = "com.apple.product-type.bundle.unit-test";
		};
		4311BC1B1D091AB100CC21C2 /* solvingStack1UITests */ = {
			isa = PBXNativeTarget;
			buildConfigurationList = 4311BC2B1D091AB100CC21C2 /* Build configuration list for PBXNativeTarget "solvingStack1UITests" */;
			buildPhases = (
				4311BC181D091AB100CC21C2 /* Sources */,
				4311BC191D091AB100CC21C2 /* Frameworks */,
				4311BC1A1D091AB100CC21C2 /* Resources */,
			);
			buildRules = (
			);
			dependencies = (
				4311BC1E1D091AB100CC21C2 /* PBXTargetDependency */,
			);
			name = solvingStack1UITests;
			productName = solvingStack1UITests;
			productReference = 4311BC1C1D091AB100CC21C2 /* solvingStack1UITests.xctest */;
			productType = "com.apple.product-type.bundle.ui-testing";
		};
/* End PBXNativeTarget section */

/* Begin PBXProject section */
		4311BBF51D091AB000CC21C2 /* Project object */ = {
			isa = PBXProject;
			attributes = {
				LastSwiftUpdateCheck = 0730;
				LastUpgradeCheck = 0730;
				ORGANIZATIONNAME = DARI;
				TargetAttributes = {
					4311BBFC1D091AB000CC21C2 = {
						CreatedOnToolsVersion = 7.3.1;
					};
					4311BC101D091AB100CC21C2 = {
						CreatedOnToolsVersion = 7.3.1;
						TestTargetID = 4311BBFC1D091AB000CC21C2;
					};
					4311BC1B1D091AB100CC21C2 = {
						CreatedOnToolsVersion = 7.3.1;
						TestTargetID = 4311BBFC1D091AB000CC21C2;
					};
				};
			};
			buildConfigurationList = 4311BBF81D091AB000CC21C2 /* Build configuration list for PBXProject "solvingStack1" */;
			compatibilityVersion = "Xcode 3.2";
			developmentRegion = English;
			hasScannedForEncodings = 0;
			knownRegions = (
				en,
				Base,
			);
			mainGroup = 4311BBF41D091AB000CC21C2;
			productRefGroup = 4311BBFE1D091AB100CC21C2 /* Products */;
			projectDirPath = "";
			projectRoot = "";
			targets = (
				4311BBFC1D091AB000CC21C2 /* solvingStack1 */,
				4311BC101D091AB100CC21C2 /* solvingStack1Tests */,
				4311BC1B1D091AB100CC21C2 /* solvingStack1UITests */,
			);
		};
/* End PBXProject section */

/* Begin PBXResourcesBuildPhase section */
		4311BBFB1D091AB000CC21C2 /* Resources */ = {
			isa = PBXResourcesBuildPhase;
			buildActionMask = 2147483647;
			files = (
				4311BC0B1D091AB100CC21C2 /* LaunchScreen.storyboard in Resources */,
				4311BC081D091AB100CC21C2 /* Assets.xcassets in Resources */,
				4311BC061D091AB100CC21C2 /* Main.storyboard in Resources */,
			);
			runOnlyForDeploymentPostprocessing = 0;
		};
		4311BC0F1D091AB100CC21C2 /* Resources */ = {
			isa = PBXResourcesBuildPhase;
			buildActionMask = 2147483647;
			files = (
			);
			runOnlyForDeploymentPostprocessing = 0;
		};
		4311BC1A1D091AB100CC21C2 /* Resources */ = {
			isa = PBXResourcesBuildPhase;
			buildActionMask = 2147483647;
			files = (
			);
			runOnlyForDeploymentPostprocessing = 0;
		};
/* End PBXResourcesBuildPhase section */

/* Begin PBXSourcesBuildPhase section */
		4311BBF91D091AB000CC21C2 /* Sources */ = {
			isa = PBXSourcesBuildPhase;
			buildActionMask = 2147483647;
			files = (
				4311BC031D091AB100CC21C2 /* ViewController.swift in Sources */,
				4311BC011D091AB100CC21C2 /* AppDelegate.swift in Sources */,
			);
			runOnlyForDeploymentPostprocessing = 0;
		};
		4311BC0D1D091AB100CC21C2 /* Sources */ = {
			isa = PBXSourcesBuildPhase;
			buildActionMask = 2147483647;
			files = (
				4311BC161D091AB100CC21C2 /* solvingStack1Tests.swift in Sources */,
			);
			runOnlyForDeploymentPostprocessing = 0;
		};
		4311BC181D091AB100CC21C2 /* Sources */ = {
			isa = PBXSourcesBuildPhase;
			buildActionMask = 2147483647;
			files = (
				4311BC211D091AB100CC21C2 /* solvingStack1UITests.swift in Sources */,
			);
			runOnlyForDeploymentPostprocessing = 0;
		};
/* End PBXSourcesBuildPhase section */

/* Begin PBXTargetDependency section */
		4311BC131D091AB100CC21C2 /* PBXTargetDependency */ = {
			isa = PBXTargetDependency;
			target = 4311BBFC1D091AB000CC21C2 /* solvingStack1 */;
			targetProxy = 4311BC121D091AB100CC21C2 /* PBXContainerItemProxy */;
		};
		4311BC1E1D091AB100CC21C2 /* PBXTargetDependency */ = {
			isa = PBXTargetDependency;
			target = 4311BBFC1D091AB000CC21C2 /* solvingStack1 */;
			targetProxy = 4311BC1D1D091AB100CC21C2 /* PBXContainerItemProxy */;
		};
/* End PBXTargetDependency section */

/* Begin PBXVariantGroup section */
		4311BC041D091AB100CC21C2 /* Main.storyboard */ = {
			isa = PBXVariantGroup;
			children = (
				4311BC051D091AB100CC21C2 /* Base */,
			);
			name = Main.storyboard;
			sourceTree = "<group>";
		};
		4311BC091D091AB100CC21C2 /* LaunchScreen.storyboard */ = {
			isa = PBXVariantGroup;
			children = (
				4311BC0A1D091AB100CC21C2 /* Base */,
			);
			name = LaunchScreen.storyboard;
			sourceTree = "<group>";
		};
/* End PBXVariantGroup section */

/* Begin XCBuildConfiguration section */
		4311BC231D091AB100CC21C2 /* Debug */ = {
			isa = XCBuildConfiguration;
			buildSettings = {
				ALWAYS_SEARCH_USER_PATHS = NO;
				CLANG_ANALYZER_NONNULL = YES;
				CLANG_CXX_LANGUAGE_STANDARD = "gnu++0x";
				CLANG_CXX_LIBRARY = "libc++";
				CLANG_ENABLE_MODULES = YES;
				CLANG_ENABLE_OBJC_ARC = YES;
				CLANG_WARN_BOOL_CONVERSION = YES;
				CLANG_WARN_CONSTANT_CONVERSION = YES;
				CLANG_WARN_DIRECT_OBJC_ISA_USAGE = YES_ERROR;
				CLANG_WARN_EMPTY_BODY = YES;
				CLANG_WARN_ENUM_CONVERSION = YES;
				CLANG_WARN_INT_CONVERSION = YES;
				CLANG_WARN_OBJC_ROOT_CLASS = YES_ERROR;
				CLANG_WARN_UNREACHABLE_CODE = YES;
				CLANG_WARN__DUPLICATE_METHOD_MATCH = YES;
				"CODE_SIGN_IDENTITY[sdk=iphoneos*]" = "iPhone Developer";
				COPY_PHASE_STRIP = NO;
				DEBUG_INFORMATION_FORMAT = dwarf;
				ENABLE_STRICT_OBJC_MSGSEND = YES;
				ENABLE_TESTABILITY = YES;
				GCC_C_LANGUAGE_STANDARD = gnu99;
				GCC_DYNAMIC_NO_PIC = NO;
				GCC_NO_COMMON_BLOCKS = YES;
				GCC_OPTIMIZATION_LEVEL = 0;
				GCC_PREPROCESSOR_DEFINITIONS = (
					"DEBUG=1",
					"$(inherited)",
				);
				GCC_WARN_64_TO_32_BIT_CONVERSION = YES;
				GCC_WARN_ABOUT_RETURN_TYPE = YES_ERROR;
				GCC_WARN_UNDECLARED_SELECTOR = YES;
				GCC_WARN_UNINITIALIZED_AUTOS = YES_AGGRESSIVE;
				GCC_WARN_UNUSED_FUNCTION = YES;
				GCC_WARN_UNUSED_VARIABLE = YES;
				IPHONEOS_DEPLOYMENT_TARGET = 9.3;
				MTL_ENABLE_DEBUG_INFO = YES;
				ONLY_ACTIVE_ARCH = YES;
				SDKROOT = iphoneos;
				SWIFT_OPTIMIZATION_LEVEL = "-Onone";
				TARGETED_DEVICE_FAMILY = "1,2";
			};
			name = Debug;
		};
		4311BC241D091AB100CC21C2 /* Release */ = {
			isa = XCBuildConfiguration;
			buildSettings = {
				ALWAYS_SEARCH_USER_PATHS = NO;
				CLANG_ANALYZER_NONNULL = YES;
				CLANG_CXX_LANGUAGE_STANDARD = "gnu++0x";
				CLANG_CXX_LIBRARY = "libc++";
				CLANG_ENABLE_MODULES = YES;
				CLANG_ENABLE_OBJC_ARC = YES;
				CLANG_WARN_BOOL_CONVERSION = YES;
				CLANG_WARN_CONSTANT_CONVERSION = YES;
				CLANG_WARN_DIRECT_OBJC_ISA_USAGE = YES_ERROR;
				CLANG_WARN_EMPTY_BODY = YES;
				CLANG_WARN_ENUM_CONVERSION = YES;
				CLANG_WARN_INT_CONVERSION = YES;
				CLANG_WARN_OBJC_ROOT_CLASS = YES_ERROR;
				CLANG_WARN_UNREACHABLE_CODE = YES;
				CLANG_WARN__DUPLICATE_METHOD_MATCH = YES;
				"CODE_SIGN_IDENTITY[sdk=iphoneos*]" = "iPhone Developer";
				COPY_PHASE_STRIP = NO;
				DEBUG_INFORMATION_FORMAT = "dwarf-with-dsym";
				ENABLE_NS_ASSERTIONS = NO;
				ENABLE_STRICT_OBJC_MSGSEND = YES;
				GCC_C_LANGUAGE_STANDARD = gnu99;
				GCC_NO_COMMON_BLOCKS = YES;
				GCC_WARN_64_TO_32_BIT_CONVERSION = YES;
				GCC_WARN_ABOUT_RETURN_TYPE = YES_ERROR;
				GCC_WARN_UNDECLARED_SELECTOR = YES;
				GCC_WARN_UNINITIALIZED_AUTOS = YES_AGGRESSIVE;
				GCC_WARN_UNUSED_FUNCTION = YES;
				GCC_WARN_UNUSED_VARIABLE = YES;
				IPHONEOS_DEPLOYMENT_TARGET = 9.3;
				MTL_ENABLE_DEBUG_INFO = NO;
				SDKROOT = iphoneos;
				TARGETED_DEVICE_FAMILY = "1,2";
				VALIDATE_PRODUCT = YES;
			};
			name = Release;
		};
		4311BC261D091AB100CC21C2 /* Debug */ = {
			isa = XCBuildConfiguration;
			buildSettings = {
				ASSETCATALOG_COMPILER_APPICON_NAME = AppIcon;
				INFOPLIST_FILE = solvingStack1/Info.plist;
				LD_RUNPATH_SEARCH_PATHS = "$(inherited) @executable_path/Frameworks";
				PRODUCT_BUNDLE_IDENTIFIER = dari.dari.solvingStack1;
				PRODUCT_NAME = "$(TARGET_NAME)";
			};
			name = Debug;
		};
		4311BC271D091AB100CC21C2 /* Release */ = {
			isa = XCBuildConfiguration;
			buildSettings = {
				ASSETCATALOG_COMPILER_APPICON_NAME = AppIcon;
				INFOPLIST_FILE = solvingStack1/Info.plist;
				LD_RUNPATH_SEARCH_PATHS = "$(inherited) @executable_path/Frameworks";
				PRODUCT_BUNDLE_IDENTIFIER = dari.dari.solvingStack1;
				PRODUCT_NAME = "$(TARGET_NAME)";
			};
			name = Release;
		};
		4311BC291D091AB100CC21C2 /* Debug */ = {
			isa = XCBuildConfiguration;
			buildSettings = {
				BUNDLE_LOADER = "$(TEST_HOST)";
				INFOPLIST_FILE = solvingStack1Tests/Info.plist;
				LD_RUNPATH_SEARCH_PATHS = "$(inherited) @executable_path/Frameworks @loader_path/Frameworks";
				PRODUCT_BUNDLE_IDENTIFIER = dari.dari.solvingStack1Tests;
				PRODUCT_NAME = "$(TARGET_NAME)";
				TEST_HOST = "$(BUILT_PRODUCTS_DIR)/solvingStack1.app/solvingStack1";
			};
			name = Debug;
		};
		4311BC2A1D091AB100CC21C2 /* Release */ = {
			isa = XCBuildConfiguration;
			buildSettings = {
				BUNDLE_LOADER = "$(TEST_HOST)";
				INFOPLIST_FILE = solvingStack1Tests/Info.plist;
				LD_RUNPATH_SEARCH_PATHS = "$(inherited) @executable_path/Frameworks @loader_path/Frameworks";
				PRODUCT_BUNDLE_IDENTIFIER = dari.dari.solvingStack1Tests;
				PRODUCT_NAME = "$(TARGET_NAME)";
				TEST_HOST = "$(BUILT_PRODUCTS_DIR)/solvingStack1.app/solvingStack1";
			};
			name = Release;
		};
		4311BC2C1D091AB100CC21C2 /* Debug */ = {
			isa = XCBuildConfiguration;
			buildSettings = {
				INFOPLIST_FILE = solvingStack1UITests/Info.plist;
				LD_RUNPATH_SEARCH_PATHS = "$(inherited) @executable_path/Frameworks @loader_path/Frameworks";
				PRODUCT_BUNDLE_IDENTIFIER = dari.dari.solvingStack1UITests;
				PRODUCT_NAME = "$(TARGET_NAME)";
				TEST_TARGET_NAME = solvingStack1;
			};
			name = Debug;
		};
		4311BC2D1D091AB100CC21C2 /* Release */ = {
			isa = XCBuildConfiguration;
			buildSettings = {
				INFOPLIST_FILE = solvingStack1UITests/Info.plist;
				LD_RUNPATH_SEARCH_PATHS = "$(inherited) @executable_path/Frameworks @loader_path/Frameworks";
				PRODUCT_BUNDLE_IDENTIFIER = dari.dari.solvingStack1UITests;
				PRODUCT_NAME = "$(TARGET_NAME)";
				TEST_TARGET_NAME = solvingStack1;
			};
			name = Release;
		};
/* End XCBuildConfiguration section */

/* Begin XCConfigurationList section */
		4311BBF81D091AB000CC21C2 /* Build configuration list for PBXProject "solvingStack1" */ = {
			isa = XCConfigurationList;
			buildConfigurations = (
				4311BC231D091AB100CC21C2 /* Debug */,
				4311BC241D091AB100CC21C2 /* Release */,
			);
			defaultConfigurationIsVisible = 0;
			defaultConfigurationName = Release;
		};
		4311BC251D091AB100CC21C2 /* Build configuration list for PBXNativeTarget "solvingStack1" */ = {
			isa = XCConfigurationList;
			buildConfigurations = (
				4311BC261D091AB100CC21C2 /* Debug */,
				4311BC271D091AB100CC21C2 /* Release */,
			);
			defaultConfigurationIsVisible = 0;
		};
		4311BC281D091AB100CC21C2 /* Build configuration list for PBXNativeTarget "solvingStack1Tests" */ = {
			isa = XCConfigurationList;
			buildConfigurations = (
				4311BC291D091AB100CC21C2 /* Debug */,
				4311BC2A1D091AB100CC21C2 /* Release */,
			);
			defaultConfigurationIsVisible = 0;
		};
		4311BC2B1D091AB100CC21C2 /* Build configuration list for PBXNativeTarget "solvingStack1UITests" */ = {
			isa = XCConfigurationList;
			buildConfigurations = (
				4311BC2C1D091AB100CC21C2 /* Debug */,
				4311BC2D1D091AB100CC21C2 /* Release */,
			);
			defaultConfigurationIsVisible = 0;
		};
/* End XCConfigurationList section */
	};
	rootObject = 4311BBF51D091AB000CC21C2 /* Project object */;
}
